
Microsoft Visual Studio Solution File, Format Version 12.00
# Visual Studio Version 17
VisualStudioVersion = 17.0.31612.314
MinimumVisualStudioVersion = 10.0.40219.1
Project("{9A19103F-16F7-4668-BE54-9A1E7A4F7556}") = "Leon.Live.API", "Leon.Live.API\Leon.Live.API.csproj", "{BF471A91-E80B-4DB9-A9A4-BCCDC43A4AF1}"
EndProject
Project("{9A19103F-16F7-4668-BE54-9A1E7A4F7556}") = "Leon.VideoStream", "Leon.VideoStream\Leon.VideoStream.csproj", "{AB25C745-7262-4380-98F9-18645A90F1E6}"
EndProject
Project("{9A19103F-16F7-4668-BE54-9A1E7A4F7556}") = "Leon.Live.SRS", "Leon.Live.SRS\Leon.Live.SRS.csproj", "{172E5E0A-AC49-4CD6-AEAA-04EE1167916C}"
EndProject
Project("{9A19103F-16F7-4668-BE54-9A1E7A4F7556}") = "Leon.Live.ZLMedia", "Leon.Live.ZLMedia\Leon.Live.ZLMedia.csproj", "{99CB3DE1-A5D5-4B4B-8DBC-C9D3F7839C87}"
EndProject
Global
	GlobalSection(SolutionConfigurationPlatforms) = preSolution
		Debug|Any CPU = Debug|Any CPU
		Release|Any CPU = Release|Any CPU
	EndGlobalSection
	GlobalSection(ProjectConfigurationPlatforms) = postSolution
		{BF471A91-E80B-4DB9-A9A4-BCCDC43A4AF1}.Debug|Any CPU.ActiveCfg = Debug|Any CPU
		{BF471A91-E80B-4DB9-A9A4-BCCDC43A4AF1}.Debug|Any CPU.Build.0 = Debug|Any CPU
		{BF471A91-E80B-4DB9-A9A4-BCCDC43A4AF1}.Release|Any CPU.ActiveCfg = Release|Any CPU
		{BF471A91-E80B-4DB9-A9A4-BCCDC43A4AF1}.Release|Any CPU.Build.0 = Release|Any CPU
		{AB25C745-7262-4380-98F9-18645A90F1E6}.Debug|Any CPU.ActiveCfg = Debug|Any CPU
		{AB25C745-7262-4380-98F9-18645A90F1E6}.Debug|Any CPU.Build.0 = Debug|Any CPU
		{AB25C745-7262-4380-98F9-18645A90F1E6}.Release|Any CPU.ActiveCfg = Release|Any CPU
		{AB25C745-7262-4380-98F9-18645A90F1E6}.Release|Any CPU.Build.0 = Release|Any CPU
		{172E5E0A-AC49-4CD6-AEAA-04EE1167916C}.Debug|Any CPU.ActiveCfg = Debug|Any CPU
		{172E5E0A-AC49-4CD6-AEAA-04EE1167916C}.Debug|Any CPU.Build.0 = Debug|Any CPU
		{172E5E0A-AC49-4CD6-AEAA-04EE1167916C}.Release|Any CPU.ActiveCfg = Release|Any CPU
		{172E5E0A-AC49-4CD6-AEAA-04EE1167916C}.Release|Any CPU.Build.0 = Release|Any CPU
		{99CB3DE1-A5D5-4B4B-8DBC-C9D3F7839C87}.Debug|Any CPU.ActiveCfg = Debug|Any CPU
		{99CB3DE1-A5D5-4B4B-8DBC-C9D3F7839C87}.Debug|Any CPU.Build.0 = Debug|Any CPU
		{99CB3DE1-A5D5-4B4B-8DBC-C9D3F7839C87}.Release|Any CPU.ActiveCfg = Release|Any CPU
		{99CB3DE1-A5D5-4B4B-8DBC-C9D3F7839C87}.Release|Any CPU.Build.0 = Release|Any CPU
	EndGlobalSection
	GlobalSection(SolutionProperties) = preSolution
		HideSolutionNode = FALSE
	EndGlobalSection
	GlobalSection(ExtensibilityGlobals) = postSolution
		SolutionGuid = {F5DDD821-BE09-4084-8422-FDDD90795DDE}
	EndGlobalSection
EndGlobal
